
Microsoft Visual Studio Solution File, Format Version 12.00
# Visual Studio Version 17
VisualStudioVersion = 17.0.31903.59
MinimumVisualStudioVersion = 10.0.40219.1
Project("{2150E333-8FDC-42A3-9474-1A3956D46DE8}") = "src", "src", "{FFCC127A-1254-4758-BA26-AEBD1C3A6DF1}"
EndProject
Project("{FAE04EC0-301F-11D3-BF4B-00C04F79EFBC}") = "HyperSharp", "src\HyperSharp\HyperSharp.csproj", "{9039F73D-A796-4B4D-A950-FB8C3007A09E}"
EndProject
Project("{FAE04EC0-301F-11D3-BF4B-00C04F79EFBC}") = "HyperSharp.Routing", "src\HyperSharp.Routing\HyperSharp.Routing.csproj", "{DA403C6B-A58C-456C-AC9D-58D94DD9A2B7}"
EndProject
Project("{FAE04EC0-301F-11D3-BF4B-00C04F79EFBC}") = "HyperSharp.Results", "src\HyperSharp.Results\HyperSharp.Results.csproj", "{743EE7BD-EF97-488F-BD1E-04D20DDED391}"
EndProject
Project("{FAE04EC0-301F-11D3-BF4B-00C04F79EFBC}") = "HyperSharp.Responders", "src\HyperSharp.Responders\HyperSharp.Responders.csproj", "{AFD72127-9929-42BA-9DA5-979FA68D40BC}"
EndProject
Project("{FAE04EC0-301F-11D3-BF4B-00C04F79EFBC}") = "HyperSharp.Benchmarks", "benchmarks\HyperSharp.Benchmarks.csproj", "{799A0958-B9AF-41EC-88B9-F50363D58A04}"
EndProject
Project("{FAE04EC0-301F-11D3-BF4B-00C04F79EFBC}") = "HyperSharp.Tests", "tests\HyperSharp.Tests.csproj", "{F95E4479-7C74-48CE-8EF8-BE674920D55B}"
EndProject
Project("{2150E333-8FDC-42A3-9474-1A3956D46DE8}") = "tools", "tools", "{CE7DFADE-79ED-4325-9822-66F0E4564445}"
EndProject
Project("{FAE04EC0-301F-11D3-BF4B-00C04F79EFBC}") = "HyperSharp.Tools.MakeShiftSourceGeneration", "tools\MakeShiftSourceGeneration\HyperSharp.Tools.MakeShiftSourceGeneration.csproj", "{8417DDEF-A3ED-4565-A84C-C0201D7ABBC7}"
EndProject
Global
	GlobalSection(SolutionConfigurationPlatforms) = preSolution
		Debug|Any CPU = Debug|Any CPU
		Release|Any CPU = Release|Any CPU
	EndGlobalSection
	GlobalSection(SolutionProperties) = preSolution
		HideSolutionNode = FALSE
	EndGlobalSection
	GlobalSection(ProjectConfigurationPlatforms) = postSolution
		{9039F73D-A796-4B4D-A950-FB8C3007A09E}.Debug|Any CPU.ActiveCfg = Debug|Any CPU
		{9039F73D-A796-4B4D-A950-FB8C3007A09E}.Debug|Any CPU.Build.0 = Debug|Any CPU
		{9039F73D-A796-4B4D-A950-FB8C3007A09E}.Release|Any CPU.ActiveCfg = Release|Any CPU
		{9039F73D-A796-4B4D-A950-FB8C3007A09E}.Release|Any CPU.Build.0 = Release|Any CPU
		{DA403C6B-A58C-456C-AC9D-58D94DD9A2B7}.Debug|Any CPU.ActiveCfg = Debug|Any CPU
		{DA403C6B-A58C-456C-AC9D-58D94DD9A2B7}.Debug|Any CPU.Build.0 = Debug|Any CPU
		{DA403C6B-A58C-456C-AC9D-58D94DD9A2B7}.Release|Any CPU.ActiveCfg = Release|Any CPU
		{DA403C6B-A58C-456C-AC9D-58D94DD9A2B7}.Release|Any CPU.Build.0 = Release|Any CPU
		{743EE7BD-EF97-488F-BD1E-04D20DDED391}.Debug|Any CPU.ActiveCfg = Debug|Any CPU
		{743EE7BD-EF97-488F-BD1E-04D20DDED391}.Debug|Any CPU.Build.0 = Debug|Any CPU
		{743EE7BD-EF97-488F-BD1E-04D20DDED391}.Release|Any CPU.ActiveCfg = Release|Any CPU
		{743EE7BD-EF97-488F-BD1E-04D20DDED391}.Release|Any CPU.Build.0 = Release|Any CPU
		{AFD72127-9929-42BA-9DA5-979FA68D40BC}.Debug|Any CPU.ActiveCfg = Debug|Any CPU
		{AFD72127-9929-42BA-9DA5-979FA68D40BC}.Debug|Any CPU.Build.0 = Debug|Any CPU
		{AFD72127-9929-42BA-9DA5-979FA68D40BC}.Release|Any CPU.ActiveCfg = Release|Any CPU
		{AFD72127-9929-42BA-9DA5-979FA68D40BC}.Release|Any CPU.Build.0 = Release|Any CPU
		{799A0958-B9AF-41EC-88B9-F50363D58A04}.Debug|Any CPU.ActiveCfg = Debug|Any CPU
		{799A0958-B9AF-41EC-88B9-F50363D58A04}.Debug|Any CPU.Build.0 = Debug|Any CPU
		{799A0958-B9AF-41EC-88B9-F50363D58A04}.Release|Any CPU.ActiveCfg = Release|Any CPU
		{799A0958-B9AF-41EC-88B9-F50363D58A04}.Release|Any CPU.Build.0 = Release|Any CPU
		{F95E4479-7C74-48CE-8EF8-BE674920D55B}.Debug|Any CPU.ActiveCfg = Debug|Any CPU
		{F95E4479-7C74-48CE-8EF8-BE674920D55B}.Debug|Any CPU.Build.0 = Debug|Any CPU
		{F95E4479-7C74-48CE-8EF8-BE674920D55B}.Release|Any CPU.ActiveCfg = Release|Any CPU
		{F95E4479-7C74-48CE-8EF8-BE674920D55B}.Release|Any CPU.Build.0 = Release|Any CPU
		{8417DDEF-A3ED-4565-A84C-C0201D7ABBC7}.Debug|Any CPU.ActiveCfg = Debug|Any CPU
		{8417DDEF-A3ED-4565-A84C-C0201D7ABBC7}.Debug|Any CPU.Build.0 = Debug|Any CPU
		{8417DDEF-A3ED-4565-A84C-C0201D7ABBC7}.Release|Any CPU.ActiveCfg = Release|Any CPU
		{8417DDEF-A3ED-4565-A84C-C0201D7ABBC7}.Release|Any CPU.Build.0 = Release|Any CPU
	EndGlobalSection
	GlobalSection(NestedProjects) = preSolution
		{9039F73D-A796-4B4D-A950-FB8C3007A09E} = {FFCC127A-1254-4758-BA26-AEBD1C3A6DF1}
		{DA403C6B-A58C-456C-AC9D-58D94DD9A2B7} = {FFCC127A-1254-4758-BA26-AEBD1C3A6DF1}
		{743EE7BD-EF97-488F-BD1E-04D20DDED391} = {FFCC127A-1254-4758-BA26-AEBD1C3A6DF1}
		{AFD72127-9929-42BA-9DA5-979FA68D40BC} = {FFCC127A-1254-4758-BA26-AEBD1C3A6DF1}
		{8417DDEF-A3ED-4565-A84C-C0201D7ABBC7} = {CE7DFADE-79ED-4325-9822-66F0E4564445}
	EndGlobalSection
EndGlobal
