
Microsoft Visual Studio Solution File, Format Version 12.00
# Visual Studio Version 17
VisualStudioVersion = 17.0.31903.59
MinimumVisualStudioVersion = 10.0.40219.1
Project("{FAE04EC0-301F-11D3-BF4B-00C04F79EFBC}") = "HyperSharp", "src\HyperSharp.csproj", "{D2CCE7C9-F19F-4A0D-AEBF-D55D1B7C5225}"
EndProject
Project("{FAE04EC0-301F-11D3-BF4B-00C04F79EFBC}") = "HyperSharp.Tests", "tests\HyperSharp.Tests.csproj", "{43EAC3F5-6F91-4FFA-AB88-9465F90CC3C9}"
EndProject
Global
	GlobalSection(SolutionConfigurationPlatforms) = preSolution
		Debug|Any CPU = Debug|Any CPU
		Release|Any CPU = Release|Any CPU
	EndGlobalSection
	GlobalSection(SolutionProperties) = preSolution
		HideSolutionNode = FALSE
	EndGlobalSection
	GlobalSection(ProjectConfigurationPlatforms) = postSolution
		{D2CCE7C9-F19F-4A0D-AEBF-D55D1B7C5225}.Debug|Any CPU.ActiveCfg = Debug|Any CPU
		{D2CCE7C9-F19F-4A0D-AEBF-D55D1B7C5225}.Debug|Any CPU.Build.0 = Debug|Any CPU
		{D2CCE7C9-F19F-4A0D-AEBF-D55D1B7C5225}.Release|Any CPU.ActiveCfg = Release|Any CPU
		{D2CCE7C9-F19F-4A0D-AEBF-D55D1B7C5225}.Release|Any CPU.Build.0 = Release|Any CPU
		{43EAC3F5-6F91-4FFA-AB88-9465F90CC3C9}.Debug|Any CPU.ActiveCfg = Debug|Any CPU
		{43EAC3F5-6F91-4FFA-AB88-9465F90CC3C9}.Debug|Any CPU.Build.0 = Debug|Any CPU
		{43EAC3F5-6F91-4FFA-AB88-9465F90CC3C9}.Release|Any CPU.ActiveCfg = Release|Any CPU
		{43EAC3F5-6F91-4FFA-AB88-9465F90CC3C9}.Release|Any CPU.Build.0 = Release|Any CPU
	EndGlobalSection
EndGlobal
